// !$*UTF8*$!
{
	archiveVersion = 1;
	classes = {
	};
	objectVersion = 48;
	objects = {

/* Begin PBXBuildFile section */
		1C0C9DD92082FABF0041585E /* GrpcService.pb.swift in Sources */ = {isa = PBXBuildFile; fileRef = 1C0C9DD82082FABF0041585E /* GrpcService.pb.swift */; };
		1CDA4D1D20252D3B00A1EFCA /* AppDelegate.swift in Sources */ = {isa = PBXBuildFile; fileRef = 1CDA4D1C20252D3B00A1EFCA /* AppDelegate.swift */; };
		1CDA4D2220252D3B00A1EFCA /* Main.storyboard in Resources */ = {isa = PBXBuildFile; fileRef = 1CDA4D2020252D3B00A1EFCA /* Main.storyboard */; };
		1CDA4D2420252D3B00A1EFCA /* Assets.xcassets in Resources */ = {isa = PBXBuildFile; fileRef = 1CDA4D2320252D3B00A1EFCA /* Assets.xcassets */; };
		1CDA4D2720252D3B00A1EFCA /* LaunchScreen.storyboard in Resources */ = {isa = PBXBuildFile; fileRef = 1CDA4D2520252D3B00A1EFCA /* LaunchScreen.storyboard */; };
		1CDA4D2F20252D8D00A1EFCA /* CameraViewController.swift in Sources */ = {isa = PBXBuildFile; fileRef = 1CDA4D2E20252D8D00A1EFCA /* CameraViewController.swift */; };
		2D296DC869B280F64F243615 /* Pods_ApplianceIdentify.framework in Frameworks */ = {isa = PBXBuildFile; fileRef = F3D51A04D9866E8F669A4406 /* Pods_ApplianceIdentify.framework */; };
/* End PBXBuildFile section */

/* Begin PBXFileReference section */
		1C0C9DD82082FABF0041585E /* GrpcService.pb.swift */ = {isa = PBXFileReference; fileEncoding = 4; lastKnownFileType = sourcecode.swift; name = GrpcService.pb.swift; path = ../../GrpcService.pb.swift; sourceTree = "<group>"; };
		1CDA4D1920252D3B00A1EFCA /* SnapLink.app */ = {isa = PBXFileReference; explicitFileType = wrapper.application; includeInIndex = 0; path = SnapLink.app; sourceTree = BUILT_PRODUCTS_DIR; };
		1CDA4D1C20252D3B00A1EFCA /* AppDelegate.swift */ = {isa = PBXFileReference; lastKnownFileType = sourcecode.swift; path = AppDelegate.swift; sourceTree = "<group>"; };
		1CDA4D2120252D3B00A1EFCA /* Base */ = {isa = PBXFileReference; lastKnownFileType = file.storyboard; name = Base; path = Base.lproj/Main.storyboard; sourceTree = "<group>"; };
		1CDA4D2320252D3B00A1EFCA /* Assets.xcassets */ = {isa = PBXFileReference; lastKnownFileType = folder.assetcatalog; path = Assets.xcassets; sourceTree = "<group>"; };
		1CDA4D2620252D3B00A1EFCA /* Base */ = {isa = PBXFileReference; lastKnownFileType = file.storyboard; name = Base; path = Base.lproj/LaunchScreen.storyboard; sourceTree = "<group>"; };
		1CDA4D2820252D3B00A1EFCA /* Info.plist */ = {isa = PBXFileReference; lastKnownFileType = text.plist.xml; path = Info.plist; sourceTree = "<group>"; };
		1CDA4D2E20252D8D00A1EFCA /* CameraViewController.swift */ = {isa = PBXFileReference; lastKnownFileType = sourcecode.swift; path = CameraViewController.swift; sourceTree = "<group>"; };
		F173ABA9251A41E979BC9422 /* Pods-ApplianceIdentify.debug.xcconfig */ = {isa = PBXFileReference; includeInIndex = 1; lastKnownFileType = text.xcconfig; name = "Pods-ApplianceIdentify.debug.xcconfig"; path = "Pods/Target Support Files/Pods-ApplianceIdentify/Pods-ApplianceIdentify.debug.xcconfig"; sourceTree = "<group>"; };
		F3D51A04D9866E8F669A4406 /* Pods_ApplianceIdentify.framework */ = {isa = PBXFileReference; explicitFileType = wrapper.framework; includeInIndex = 0; path = Pods_ApplianceIdentify.framework; sourceTree = BUILT_PRODUCTS_DIR; };
		FE4C8520183E873959956750 /* Pods-ApplianceIdentify.release.xcconfig */ = {isa = PBXFileReference; includeInIndex = 1; lastKnownFileType = text.xcconfig; name = "Pods-ApplianceIdentify.release.xcconfig"; path = "Pods/Target Support Files/Pods-ApplianceIdentify/Pods-ApplianceIdentify.release.xcconfig"; sourceTree = "<group>"; };
/* End PBXFileReference section */

/* Begin PBXFrameworksBuildPhase section */
		1CDA4D1620252D3B00A1EFCA /* Frameworks */ = {
			isa = PBXFrameworksBuildPhase;
			buildActionMask = 2147483647;
			files = (
				2D296DC869B280F64F243615 /* Pods_ApplianceIdentify.framework in Frameworks */,
			);
			runOnlyForDeploymentPostprocessing = 0;
		};
/* End PBXFrameworksBuildPhase section */

/* Begin PBXGroup section */
		1CDA4D1020252D3B00A1EFCA = {
			isa = PBXGroup;
			children = (
				1CDA4D1B20252D3B00A1EFCA /* ApplianceIdentify */,
				1CDA4D1A20252D3B00A1EFCA /* Products */,
				AFFC7644A62318B5694EB661 /* Pods */,
				6247ECE71FC5CE916B918B13 /* Frameworks */,
			);
			sourceTree = "<group>";
		};
		1CDA4D1A20252D3B00A1EFCA /* Products */ = {
			isa = PBXGroup;
			children = (
				1CDA4D1920252D3B00A1EFCA /* SnapLink.app */,
			);
			name = Products;
			sourceTree = "<group>";
		};
		1CDA4D1B20252D3B00A1EFCA /* ApplianceIdentify */ = {
			isa = PBXGroup;
			children = (
				1CDA4D1C20252D3B00A1EFCA /* AppDelegate.swift */,
				1CDA4D2E20252D8D00A1EFCA /* CameraViewController.swift */,
				1C0C9DD82082FABF0041585E /* GrpcService.pb.swift */,
				1CDA4D2020252D3B00A1EFCA /* Main.storyboard */,
				1CDA4D2320252D3B00A1EFCA /* Assets.xcassets */,
				1CDA4D2520252D3B00A1EFCA /* LaunchScreen.storyboard */,
				1CDA4D2820252D3B00A1EFCA /* Info.plist */,
			);
			path = ApplianceIdentify;
			sourceTree = "<group>";
		};
		6247ECE71FC5CE916B918B13 /* Frameworks */ = {
			isa = PBXGroup;
			children = (
				F3D51A04D9866E8F669A4406 /* Pods_ApplianceIdentify.framework */,
			);
			name = Frameworks;
			sourceTree = "<group>";
		};
		AFFC7644A62318B5694EB661 /* Pods */ = {
			isa = PBXGroup;
			children = (
				F173ABA9251A41E979BC9422 /* Pods-ApplianceIdentify.debug.xcconfig */,
				FE4C8520183E873959956750 /* Pods-ApplianceIdentify.release.xcconfig */,
			);
			name = Pods;
			sourceTree = "<group>";
		};
/* End PBXGroup section */

/* Begin PBXNativeTarget section */
		1CDA4D1820252D3B00A1EFCA /* ApplianceIdentify */ = {
			isa = PBXNativeTarget;
			buildConfigurationList = 1CDA4D2B20252D3B00A1EFCA /* Build configuration list for PBXNativeTarget "ApplianceIdentify" */;
			buildPhases = (
				F546CBB96309A2FFB4367402 /* [CP] Check Pods Manifest.lock */,
				1CDA4D1520252D3B00A1EFCA /* Sources */,
				1CDA4D1620252D3B00A1EFCA /* Frameworks */,
				1CDA4D1720252D3B00A1EFCA /* Resources */,
				EB72D72DE111A08AFD64FA66 /* [CP] Embed Pods Frameworks */,
				EAA0322E9025D0B055FE662D /* [CP] Copy Pods Resources */,
			);
			buildRules = (
			);
			dependencies = (
			);
			name = ApplianceIdentify;
			productName = ApplianceIdentify;
			productReference = 1CDA4D1920252D3B00A1EFCA /* SnapLink.app */;
			productType = "com.apple.product-type.application";
		};
/* End PBXNativeTarget section */

/* Begin PBXProject section */
		1CDA4D1120252D3B00A1EFCA /* Project object */ = {
			isa = PBXProject;
			attributes = {
				LastSwiftUpdateCheck = 0920;
				LastUpgradeCheck = 0920;
				ORGANIZATIONNAME = "John Yang";
				TargetAttributes = {
					1CDA4D1820252D3B00A1EFCA = {
						CreatedOnToolsVersion = 9.2;
						ProvisioningStyle = Automatic;
					};
				};
			};
			buildConfigurationList = 1CDA4D1420252D3B00A1EFCA /* Build configuration list for PBXProject "ApplianceIdentify" */;
			compatibilityVersion = "Xcode 8.0";
			developmentRegion = en;
			hasScannedForEncodings = 0;
			knownRegions = (
				en,
				Base,
			);
			mainGroup = 1CDA4D1020252D3B00A1EFCA;
			productRefGroup = 1CDA4D1A20252D3B00A1EFCA /* Products */;
			projectDirPath = "";
			projectRoot = "";
			targets = (
				1CDA4D1820252D3B00A1EFCA /* ApplianceIdentify */,
			);
		};
/* End PBXProject section */

/* Begin PBXResourcesBuildPhase section */
		1CDA4D1720252D3B00A1EFCA /* Resources */ = {
			isa = PBXResourcesBuildPhase;
			buildActionMask = 2147483647;
			files = (
				1CDA4D2720252D3B00A1EFCA /* LaunchScreen.storyboard in Resources */,
				1CDA4D2420252D3B00A1EFCA /* Assets.xcassets in Resources */,
				1CDA4D2220252D3B00A1EFCA /* Main.storyboard in Resources */,
			);
			runOnlyForDeploymentPostprocessing = 0;
		};
/* End PBXResourcesBuildPhase section */

/* Begin PBXShellScriptBuildPhase section */
		EAA0322E9025D0B055FE662D /* [CP] Copy Pods Resources */ = {
			isa = PBXShellScriptBuildPhase;
			buildActionMask = 2147483647;
			files = (
			);
			inputPaths = (
			);
			name = "[CP] Copy Pods Resources";
			outputPaths = (
			);
			runOnlyForDeploymentPostprocessing = 0;
			shellPath = /bin/sh;
			shellScript = "\"${SRCROOT}/Pods/Target Support Files/Pods-ApplianceIdentify/Pods-ApplianceIdentify-resources.sh\"\n";
			showEnvVarsInLog = 0;
		};
		EB72D72DE111A08AFD64FA66 /* [CP] Embed Pods Frameworks */ = {
			isa = PBXShellScriptBuildPhase;
			buildActionMask = 2147483647;
			files = (
			);
			inputPaths = (
				"${SRCROOT}/Pods/Target Support Files/Pods-ApplianceIdentify/Pods-ApplianceIdentify-frameworks.sh",
				"${BUILT_PRODUCTS_DIR}/SwiftProtobuf/SwiftProtobuf.framework",
			);
			name = "[CP] Embed Pods Frameworks";
			outputPaths = (
				"${TARGET_BUILD_DIR}/${FRAMEWORKS_FOLDER_PATH}/SwiftProtobuf.framework",
			);
			runOnlyForDeploymentPostprocessing = 0;
			shellPath = /bin/sh;
			shellScript = "\"${SRCROOT}/Pods/Target Support Files/Pods-ApplianceIdentify/Pods-ApplianceIdentify-frameworks.sh\"\n";
			showEnvVarsInLog = 0;
		};
		F546CBB96309A2FFB4367402 /* [CP] Check Pods Manifest.lock */ = {
			isa = PBXShellScriptBuildPhase;
			buildActionMask = 2147483647;
			files = (
			);
			inputPaths = (
				"${PODS_PODFILE_DIR_PATH}/Podfile.lock",
				"${PODS_ROOT}/Manifest.lock",
			);
			name = "[CP] Check Pods Manifest.lock";
			outputPaths = (
				"$(DERIVED_FILE_DIR)/Pods-ApplianceIdentify-checkManifestLockResult.txt",
			);
			runOnlyForDeploymentPostprocessing = 0;
			shellPath = /bin/sh;
			shellScript = "diff \"${PODS_PODFILE_DIR_PATH}/Podfile.lock\" \"${PODS_ROOT}/Manifest.lock\" > /dev/null\nif [ $? != 0 ] ; then\n    # print error to STDERR\n    echo \"error: The sandbox is not in sync with the Podfile.lock. Run 'pod install' or update your CocoaPods installation.\" >&2\n    exit 1\nfi\n# This output is used by Xcode 'outputs' to avoid re-running this script phase.\necho \"SUCCESS\" > \"${SCRIPT_OUTPUT_FILE_0}\"\n";
			showEnvVarsInLog = 0;
		};
/* End PBXShellScriptBuildPhase section */

/* Begin PBXSourcesBuildPhase section */
		1CDA4D1520252D3B00A1EFCA /* Sources */ = {
			isa = PBXSourcesBuildPhase;
			buildActionMask = 2147483647;
			files = (
				1CDA4D1D20252D3B00A1EFCA /* AppDelegate.swift in Sources */,
				1C0C9DD92082FABF0041585E /* GrpcService.pb.swift in Sources */,
				1CDA4D2F20252D8D00A1EFCA /* CameraViewController.swift in Sources */,
			);
			runOnlyForDeploymentPostprocessing = 0;
		};
/* End PBXSourcesBuildPhase section */

/* Begin PBXVariantGroup section */
		1CDA4D2020252D3B00A1EFCA /* Main.storyboard */ = {
			isa = PBXVariantGroup;
			children = (
				1CDA4D2120252D3B00A1EFCA /* Base */,
			);
			name = Main.storyboard;
			sourceTree = "<group>";
		};
		1CDA4D2520252D3B00A1EFCA /* LaunchScreen.storyboard */ = {
			isa = PBXVariantGroup;
			children = (
				1CDA4D2620252D3B00A1EFCA /* Base */,
			);
			name = LaunchScreen.storyboard;
			sourceTree = "<group>";
		};
/* End PBXVariantGroup section */

/* Begin XCBuildConfiguration section */
		1CDA4D2920252D3B00A1EFCA /* Debug */ = {
			isa = XCBuildConfiguration;
			buildSettings = {
				ALWAYS_SEARCH_USER_PATHS = NO;
				CLANG_ANALYZER_NONNULL = YES;
				CLANG_ANALYZER_NUMBER_OBJECT_CONVERSION = YES_AGGRESSIVE;
				CLANG_CXX_LANGUAGE_STANDARD = "gnu++14";
				CLANG_CXX_LIBRARY = "libc++";
				CLANG_ENABLE_MODULES = YES;
				CLANG_ENABLE_OBJC_ARC = YES;
				CLANG_WARN_BLOCK_CAPTURE_AUTORELEASING = YES;
				CLANG_WARN_BOOL_CONVERSION = YES;
				CLANG_WARN_COMMA = YES;
				CLANG_WARN_CONSTANT_CONVERSION = YES;
				CLANG_WARN_DIRECT_OBJC_ISA_USAGE = YES_ERROR;
				CLANG_WARN_DOCUMENTATION_COMMENTS = YES;
				CLANG_WARN_EMPTY_BODY = YES;
				CLANG_WARN_ENUM_CONVERSION = YES;
				CLANG_WARN_INFINITE_RECURSION = YES;
				CLANG_WARN_INT_CONVERSION = YES;
				CLANG_WARN_NON_LITERAL_NULL_CONVERSION = YES;
				CLANG_WARN_OBJC_LITERAL_CONVERSION = YES;
				CLANG_WARN_OBJC_ROOT_CLASS = YES_ERROR;
				CLANG_WARN_RANGE_LOOP_ANALYSIS = YES;
				CLANG_WARN_STRICT_PROTOTYPES = YES;
				CLANG_WARN_SUSPICIOUS_MOVE = YES;
				CLANG_WARN_UNGUARDED_AVAILABILITY = YES_AGGRESSIVE;
				CLANG_WARN_UNREACHABLE_CODE = YES;
				CLANG_WARN__DUPLICATE_METHOD_MATCH = YES;
				CODE_SIGN_IDENTITY = "iPhone Developer";
				COPY_PHASE_STRIP = NO;
				DEBUG_INFORMATION_FORMAT = dwarf;
				ENABLE_STRICT_OBJC_MSGSEND = YES;
				ENABLE_TESTABILITY = YES;
				GCC_C_LANGUAGE_STANDARD = gnu11;
				GCC_DYNAMIC_NO_PIC = NO;
				GCC_NO_COMMON_BLOCKS = YES;
				GCC_OPTIMIZATION_LEVEL = 0;
				GCC_PREPROCESSOR_DEFINITIONS = (
					"DEBUG=1",
					"$(inherited)",
				);
				GCC_WARN_64_TO_32_BIT_CONVERSION = YES;
				GCC_WARN_ABOUT_RETURN_TYPE = YES_ERROR;
				GCC_WARN_UNDECLARED_SELECTOR = YES;
				GCC_WARN_UNINITIALIZED_AUTOS = YES_AGGRESSIVE;
				GCC_WARN_UNUSED_FUNCTION = YES;
				GCC_WARN_UNUSED_VARIABLE = YES;
				IPHONEOS_DEPLOYMENT_TARGET = 11.2;
				MTL_ENABLE_DEBUG_INFO = YES;
				ONLY_ACTIVE_ARCH = YES;
				SDKROOT = iphoneos;
				SWIFT_ACTIVE_COMPILATION_CONDITIONS = DEBUG;
				SWIFT_OPTIMIZATION_LEVEL = "-Onone";
			};
			name = Debug;
		};
		1CDA4D2A20252D3B00A1EFCA /* Release */ = {
			isa = XCBuildConfiguration;
			buildSettings = {
				ALWAYS_SEARCH_USER_PATHS = NO;
				CLANG_ANALYZER_NONNULL = YES;
				CLANG_ANALYZER_NUMBER_OBJECT_CONVERSION = YES_AGGRESSIVE;
				CLANG_CXX_LANGUAGE_STANDARD = "gnu++14";
				CLANG_CXX_LIBRARY = "libc++";
				CLANG_ENABLE_MODULES = YES;
				CLANG_ENABLE_OBJC_ARC = YES;
				CLANG_WARN_BLOCK_CAPTURE_AUTORELEASING = YES;
				CLANG_WARN_BOOL_CONVERSION = YES;
				CLANG_WARN_COMMA = YES;
				CLANG_WARN_CONSTANT_CONVERSION = YES;
				CLANG_WARN_DIRECT_OBJC_ISA_USAGE = YES_ERROR;
				CLANG_WARN_DOCUMENTATION_COMMENTS = YES;
				CLANG_WARN_EMPTY_BODY = YES;
				CLANG_WARN_ENUM_CONVERSION = YES;
				CLANG_WARN_INFINITE_RECURSION = YES;
				CLANG_WARN_INT_CONVERSION = YES;
				CLANG_WARN_NON_LITERAL_NULL_CONVERSION = YES;
				CLANG_WARN_OBJC_LITERAL_CONVERSION = YES;
				CLANG_WARN_OBJC_ROOT_CLASS = YES_ERROR;
				CLANG_WARN_RANGE_LOOP_ANALYSIS = YES;
				CLANG_WARN_STRICT_PROTOTYPES = YES;
				CLANG_WARN_SUSPICIOUS_MOVE = YES;
				CLANG_WARN_UNGUARDED_AVAILABILITY = YES_AGGRESSIVE;
				CLANG_WARN_UNREACHABLE_CODE = YES;
				CLANG_WARN__DUPLICATE_METHOD_MATCH = YES;
				CODE_SIGN_IDENTITY = "iPhone Developer";
				COPY_PHASE_STRIP = NO;
				DEBUG_INFORMATION_FORMAT = "dwarf-with-dsym";
				ENABLE_NS_ASSERTIONS = NO;
				ENABLE_STRICT_OBJC_MSGSEND = YES;
				GCC_C_LANGUAGE_STANDARD = gnu11;
				GCC_NO_COMMON_BLOCKS = YES;
				GCC_WARN_64_TO_32_BIT_CONVERSION = YES;
				GCC_WARN_ABOUT_RETURN_TYPE = YES_ERROR;
				GCC_WARN_UNDECLARED_SELECTOR = YES;
				GCC_WARN_UNINITIALIZED_AUTOS = YES_AGGRESSIVE;
				GCC_WARN_UNUSED_FUNCTION = YES;
				GCC_WARN_UNUSED_VARIABLE = YES;
				IPHONEOS_DEPLOYMENT_TARGET = 11.2;
				MTL_ENABLE_DEBUG_INFO = NO;
				SDKROOT = iphoneos;
				SWIFT_OPTIMIZATION_LEVEL = "-Owholemodule";
				VALIDATE_PRODUCT = YES;
			};
			name = Release;
		};
		1CDA4D2C20252D3B00A1EFCA /* Debug */ = {
			isa = XCBuildConfiguration;
			baseConfigurationReference = F173ABA9251A41E979BC9422 /* Pods-ApplianceIdentify.debug.xcconfig */;
			buildSettings = {
				ASSETCATALOG_COMPILER_APPICON_NAME = AppIcon;
				CODE_SIGN_STYLE = Automatic;
				DEVELOPMENT_TEAM = 5YT85L5HYW;
				INFOPLIST_FILE = ApplianceIdentify/Info.plist;
				LD_RUNPATH_SEARCH_PATHS = "$(inherited) @executable_path/Frameworks";
				PRODUCT_BUNDLE_IDENTIFIER = johnbyang.ApplianceIdentify;
				PRODUCT_NAME = SnapLink;
				SWIFT_VERSION = 4.0;
				TARGETED_DEVICE_FAMILY = "1,2";
			};
			name = Debug;
		};
		1CDA4D2D20252D3B00A1EFCA /* Release */ = {
			isa = XCBuildConfiguration;
			baseConfigurationReference = FE4C8520183E873959956750 /* Pods-ApplianceIdentify.release.xcconfig */;
			buildSettings = {
				ASSETCATALOG_COMPILER_APPICON_NAME = AppIcon;
				CODE_SIGN_STYLE = Automatic;
				DEVELOPMENT_TEAM = 5YT85L5HYW;
				INFOPLIST_FILE = ApplianceIdentify/Info.plist;
				LD_RUNPATH_SEARCH_PATHS = "$(inherited) @executable_path/Frameworks";
				PRODUCT_BUNDLE_IDENTIFIER = johnbyang.ApplianceIdentify;
				PRODUCT_NAME = SnapLink;
				SWIFT_VERSION = 4.0;
				TARGETED_DEVICE_FAMILY = "1,2";
			};
			name = Release;
		};
/* End XCBuildConfiguration section */

/* Begin XCConfigurationList section */
		1CDA4D1420252D3B00A1EFCA /* Build configuration list for PBXProject "ApplianceIdentify" */ = {
			isa = XCConfigurationList;
			buildConfigurations = (
				1CDA4D2920252D3B00A1EFCA /* Debug */,
				1CDA4D2A20252D3B00A1EFCA /* Release */,
			);
			defaultConfigurationIsVisible = 0;
			defaultConfigurationName = Release;
		};
		1CDA4D2B20252D3B00A1EFCA /* Build configuration list for PBXNativeTarget "ApplianceIdentify" */ = {
			isa = XCConfigurationList;
			buildConfigurations = (
				1CDA4D2C20252D3B00A1EFCA /* Debug */,
				1CDA4D2D20252D3B00A1EFCA /* Release */,
			);
			defaultConfigurationIsVisible = 0;
			defaultConfigurationName = Release;
		};
/* End XCConfigurationList section */
	};
	rootObject = 1CDA4D1120252D3B00A1EFCA /* Project object */;
}
